
Microsoft Visual Studio Solution File, Format Version 12.00
# Visual Studio 2012
Project("{8BC9CEB8-8B4A-11D0-8D11-00A0C91BC942}") = "YiZhanTong-work1", "YiZhanTong-work1\YiZhanTong-work1.vcxproj", "{185C6824-08B4-493E-B821-DC7E90F612F6}"
EndProject
Global
	GlobalSection(SolutionConfigurationPlatforms) = preSolution
		Debug|Win32 = Debug|Win32
		Release|Win32 = Release|Win32
	EndGlobalSection
	GlobalSection(ProjectConfigurationPlatforms) = postSolution
		{185C6824-08B4-493E-B821-DC7E90F612F6}.Debug|Win32.ActiveCfg = Debug|Win32
		{185C6824-08B4-493E-B821-DC7E90F612F6}.Debug|Win32.Build.0 = Debug|Win32
		{185C6824-08B4-493E-B821-DC7E90F612F6}.Release|Win32.ActiveCfg = Release|Win32
		{185C6824-08B4-493E-B821-DC7E90F612F6}.Release|Win32.Build.0 = Release|Win32
	EndGlobalSection
	GlobalSection(SolutionProperties) = preSolution
		HideSolutionNode = FALSE
	EndGlobalSection
EndGlobal
