
Microsoft Visual Studio Solution File, Format Version 12.00
# Visual Studio 2012
Project("{8BC9CEB8-8B4A-11D0-8D11-00A0C91BC942}") = "Composition", "Composition\Composition.vcxproj", "{997178DE-7C84-4AA8-90CB-A595B233B893}"
EndProject
Global
	GlobalSection(SolutionConfigurationPlatforms) = preSolution
		Debug|Win32 = Debug|Win32
		Release|Win32 = Release|Win32
	EndGlobalSection
	GlobalSection(ProjectConfigurationPlatforms) = postSolution
		{997178DE-7C84-4AA8-90CB-A595B233B893}.Debug|Win32.ActiveCfg = Debug|Win32
		{997178DE-7C84-4AA8-90CB-A595B233B893}.Debug|Win32.Build.0 = Debug|Win32
		{997178DE-7C84-4AA8-90CB-A595B233B893}.Release|Win32.ActiveCfg = Release|Win32
		{997178DE-7C84-4AA8-90CB-A595B233B893}.Release|Win32.Build.0 = Release|Win32
	EndGlobalSection
	GlobalSection(SolutionProperties) = preSolution
		HideSolutionNode = FALSE
	EndGlobalSection
EndGlobal
