
Microsoft Visual Studio Solution File, Format Version 12.00
# Visual Studio 2012
Project("{8BC9CEB8-8B4A-11D0-8D11-00A0C91BC942}") = "HUAWEI-BeatBoss", "HUAWEI-BeatBoss\HUAWEI-BeatBoss.vcxproj", "{FB4DFDD7-6B6F-423F-905C-8E5F93C300DE}"
EndProject
Global
	GlobalSection(SolutionConfigurationPlatforms) = preSolution
		Debug|Win32 = Debug|Win32
		Release|Win32 = Release|Win32
	EndGlobalSection
	GlobalSection(ProjectConfigurationPlatforms) = postSolution
		{FB4DFDD7-6B6F-423F-905C-8E5F93C300DE}.Debug|Win32.ActiveCfg = Debug|Win32
		{FB4DFDD7-6B6F-423F-905C-8E5F93C300DE}.Debug|Win32.Build.0 = Debug|Win32
		{FB4DFDD7-6B6F-423F-905C-8E5F93C300DE}.Release|Win32.ActiveCfg = Release|Win32
		{FB4DFDD7-6B6F-423F-905C-8E5F93C300DE}.Release|Win32.Build.0 = Release|Win32
	EndGlobalSection
	GlobalSection(SolutionProperties) = preSolution
		HideSolutionNode = FALSE
	EndGlobalSection
EndGlobal
