
Microsoft Visual Studio Solution File, Format Version 12.00
# Visual Studio 2012
Project("{8BC9CEB8-8B4A-11D0-8D11-00A0C91BC942}") = "WYGame-MagicalNumber", "WYGame-MagicalNumber\WYGame-MagicalNumber.vcxproj", "{15696388-652C-4EE8-A473-51E9475EADD7}"
EndProject
Global
	GlobalSection(SolutionConfigurationPlatforms) = preSolution
		Debug|Win32 = Debug|Win32
		Release|Win32 = Release|Win32
	EndGlobalSection
	GlobalSection(ProjectConfigurationPlatforms) = postSolution
		{15696388-652C-4EE8-A473-51E9475EADD7}.Debug|Win32.ActiveCfg = Debug|Win32
		{15696388-652C-4EE8-A473-51E9475EADD7}.Debug|Win32.Build.0 = Debug|Win32
		{15696388-652C-4EE8-A473-51E9475EADD7}.Release|Win32.ActiveCfg = Release|Win32
		{15696388-652C-4EE8-A473-51E9475EADD7}.Release|Win32.Build.0 = Release|Win32
	EndGlobalSection
	GlobalSection(SolutionProperties) = preSolution
		HideSolutionNode = FALSE
	EndGlobalSection
EndGlobal
